{
  "requires": true,
  "lockfileVersion": 1,
  "dependencies": {
    "rfc6902": {
      "version": "3.0.4",
      "resolved": "https://registry.npmjs.org/rfc6902/-/rfc6902-3.0.4.tgz",
      "integrity": "sha512-OnzreaZXrwT5w2ikKXWr5QcuI7NZpL+J3hIkAwozjOnKVUL7fPsB8Vcmu8YBiiou1/r3V0Jc0T1uQDyfAPvLzA=="
    }
  }
}
